
Microsoft Visual Studio Solution File, Format Version 12.00
# Visual Studio Version 17
VisualStudioVersion = 17.4.33110.190
MinimumVisualStudioVersion = 10.0.40219.1
Project("{9A19103F-16F7-4668-BE54-9A1E7A4F7556}") = "PSParquet", "PSParquet.csproj", "{0F69D260-0F5A-4C57-9501-1F251F6DBA2D}"
EndProject
Global
	GlobalSection(SolutionConfigurationPlatforms) = preSolution
		Debug|Any CPU = Debug|Any CPU
		Release|Any CPU = Release|Any CPU
	EndGlobalSection
	GlobalSection(ProjectConfigurationPlatforms) = postSolution
		{0F69D260-0F5A-4C57-9501-1F251F6DBA2D}.Debug|Any CPU.ActiveCfg = Debug|Any CPU
		{0F69D260-0F5A-4C57-9501-1F251F6DBA2D}.Debug|Any CPU.Build.0 = Debug|Any CPU
		{0F69D260-0F5A-4C57-9501-1F251F6DBA2D}.Release|Any CPU.ActiveCfg = Release|Any CPU
		{0F69D260-0F5A-4C57-9501-1F251F6DBA2D}.Release|Any CPU.Build.0 = Release|Any CPU
	EndGlobalSection
	GlobalSection(SolutionProperties) = preSolution
		HideSolutionNode = FALSE
	EndGlobalSection
	GlobalSection(ExtensibilityGlobals) = postSolution
		SolutionGuid = {2BDB018A-BE86-49FE-9A24-EB9EFABE8203}
	EndGlobalSection
EndGlobal
